
Microsoft Visual Studio Solution File, Format Version 12.00
# Visual Studio 2017
Project("{FAE04EC0-301F-11D3-BF4B-00C04F79EFBC}") = "rc.Plugins", "rc.Plugins.csproj", "{EAC6CAC1-5B56-67E5-0179-71AD10B834E3}"
EndProject
Project("{FAE04EC0-301F-11D3-BF4B-00C04F79EFBC}") = "rc", "rc.csproj", "{597FDB2B-4925-40B9-5C6E-49094E618CFD}"
EndProject
Project("{FAE04EC0-301F-11D3-BF4B-00C04F79EFBC}") = "rc.Editor.Plugins", "rc.Editor.Plugins.csproj", "{C1D77EBD-CC26-5D94-3A9A-63D4D283C2DD}"
EndProject
Global
	GlobalSection(SolutionConfigurationPlatforms) = preSolution
		Debug|Any CPU = Debug|Any CPU
		Release|Any CPU = Release|Any CPU
	EndGlobalSection
	GlobalSection(ProjectConfigurationPlatforms) = postSolution
		{EAC6CAC1-5B56-67E5-0179-71AD10B834E3}.Debug|Any CPU.ActiveCfg = Debug|Any CPU
		{EAC6CAC1-5B56-67E5-0179-71AD10B834E3}.Debug|Any CPU.Build.0 = Debug|Any CPU
		{EAC6CAC1-5B56-67E5-0179-71AD10B834E3}.Release|Any CPU.ActiveCfg = Release|Any CPU
		{EAC6CAC1-5B56-67E5-0179-71AD10B834E3}.Release|Any CPU.Build.0 = Release|Any CPU
		{597FDB2B-4925-40B9-5C6E-49094E618CFD}.Debug|Any CPU.ActiveCfg = Debug|Any CPU
		{597FDB2B-4925-40B9-5C6E-49094E618CFD}.Debug|Any CPU.Build.0 = Debug|Any CPU
		{597FDB2B-4925-40B9-5C6E-49094E618CFD}.Release|Any CPU.ActiveCfg = Release|Any CPU
		{597FDB2B-4925-40B9-5C6E-49094E618CFD}.Release|Any CPU.Build.0 = Release|Any CPU
		{C1D77EBD-CC26-5D94-3A9A-63D4D283C2DD}.Debug|Any CPU.ActiveCfg = Debug|Any CPU
		{C1D77EBD-CC26-5D94-3A9A-63D4D283C2DD}.Debug|Any CPU.Build.0 = Debug|Any CPU
		{C1D77EBD-CC26-5D94-3A9A-63D4D283C2DD}.Release|Any CPU.ActiveCfg = Release|Any CPU
		{C1D77EBD-CC26-5D94-3A9A-63D4D283C2DD}.Release|Any CPU.Build.0 = Release|Any CPU
	EndGlobalSection
	GlobalSection(SolutionProperties) = preSolution
		HideSolutionNode = FALSE
	EndGlobalSection
EndGlobal
